# This file is automatically @generated by Cargo.
# It is not intended for manual editing.
version = 4

[[package]]
name = "anyhow"
version = "1.0.98"
source = "registry+https://github.com/rust-lang/crates.io-index"
checksum = "e16d2d3311acee920a9eb8d33b8cbc1787ce4a264e85f964c2404b969bdcd487"

[[package]]
name = "d4p1"
version = "0.1.0"
dependencies = [
 "anyhow",
 "grid",
]

[[package]]
name = "grid"
version = "0.17.0"
source = "registry+https://github.com/rust-lang/crates.io-index"
checksum = "71b01d27060ad58be4663b9e4ac9e2d4806918e8876af8912afbddd1a91d5eaa"
